PODS:
  - agora_rtc_engine (0.0.1):
    - AgoraIrisRTC_macOS (= 4.5.2-build.2)
    - AgoraRtcEngine_macOS (= 4.5.2)
    - FlutterMacOS
  - AgoraInfra_macOS (1.2.13.1)
  - AgoraIrisRTC_macOS (4.5.2-build.2)
  - AgoraRtcEngine_macOS (4.5.2):
    - AgoraRtcEngine_macOS/AIAEC (= 4.5.2)
    - AgoraRtcEngine_macOS/AIAECLL (= 4.5.2)
    - AgoraRtcEngine_macOS/AINS (= 4.5.2)
    - AgoraRtcEngine_macOS/AINSLL (= 4.5.2)
    - AgoraRtcEngine_macOS/AudioBeauty (= 4.5.2)
    - AgoraRtcEngine_macOS/ClearVision (= 4.5.2)
    - AgoraRtcEngine_macOS/ContentInspect (= 4.5.2)
    - AgoraRtcEngine_macOS/FaceCapture (= 4.5.2)
    - AgoraRtcEngine_macOS/FaceDetection (= 4.5.2)
    - AgoraRtcEngine_macOS/LipSync (= 4.5.2)
    - AgoraRtcEngine_macOS/RtcBasic (= 4.5.2)
    - AgoraRtcEngine_macOS/ScreenCapture (= 4.5.2)
    - AgoraRtcEngine_macOS/SpatialAudio (= 4.5.2)
    - AgoraRtcEngine_macOS/VideoAv1CodecDec (= 4.5.2)
    - AgoraRtcEngine_macOS/VideoAv1CodecEnc (= 4.5.2)
    - AgoraRtcEngine_macOS/VideoCodecDec (= 4.5.2)
    - AgoraRtcEngine_macOS/VideoCodecEnc (= 4.5.2)
    - AgoraRtcEngine_macOS/VirtualBackground (= 4.5.2)
    - AgoraRtcEngine_macOS/VQA (= 4.5.2)
  - AgoraRtcEngine_macOS/AIAEC (4.5.2)
  - AgoraRtcEngine_macOS/AIAECLL (4.5.2)
  - AgoraRtcEngine_macOS/AINS (4.5.2)
  - AgoraRtcEngine_macOS/AINSLL (4.5.2)
  - AgoraRtcEngine_macOS/AudioBeauty (4.5.2)
  - AgoraRtcEngine_macOS/ClearVision (4.5.2)
  - AgoraRtcEngine_macOS/ContentInspect (4.5.2)
  - AgoraRtcEngine_macOS/FaceCapture (4.5.2)
  - AgoraRtcEngine_macOS/FaceDetection (4.5.2)
  - AgoraRtcEngine_macOS/LipSync (4.5.2)
  - AgoraRtcEngine_macOS/RtcBasic (4.5.2):
    - AgoraInfra_macOS (= 1.2.13.1)
  - AgoraRtcEngine_macOS/ScreenCapture (4.5.2)
  - AgoraRtcEngine_macOS/SpatialAudio (4.5.2)
  - AgoraRtcEngine_macOS/VideoAv1CodecDec (4.5.2)
  - AgoraRtcEngine_macOS/VideoAv1CodecEnc (4.5.2)
  - AgoraRtcEngine_macOS/VideoCodecDec (4.5.2)
  - AgoraRtcEngine_macOS/VideoCodecEnc (4.5.2)
  - AgoraRtcEngine_macOS/VirtualBackground (4.5.2)
  - AgoraRtcEngine_macOS/VQA (4.5.2)
  - app_links (6.4.1):
    - FlutterMacOS
  - AppAuth (2.0.0):
    - AppAuth/Core (= 2.0.0)
    - AppAuth/ExternalUserAgent (= 2.0.0)
  - AppAuth/Core (2.0.0)
  - AppAuth/ExternalUserAgent (2.0.0):
    - AppAuth/Core
  - AppCheckCore (11.2.0):
    - GoogleUtilities/Environment (~> 8.0)
    - GoogleUtilities/UserDefaults (~> 8.0)
    - PromisesObjC (~> 2.4)
  - audio_service (0.0.1):
    - Flutter
    - FlutterMacOS
  - audio_session (0.0.1):
    - FlutterMacOS
  - connectivity_plus (0.0.1):
    - FlutterMacOS
  - device_info_plus (0.0.1):
    - FlutterMacOS
  - ffmpeg_kit_flutter_new_min_gpl (7.1.1):
    - ffmpeg_kit_flutter_new_min_gpl/min-gpl (= 7.1.1)
    - FlutterMacOS
  - ffmpeg_kit_flutter_new_min_gpl/min-gpl (7.1.1):
    - FlutterMacOS
  - file_picker (0.0.1):
    - FlutterMacOS
  - file_selector_macos (0.0.1):
    - FlutterMacOS
  - Firebase/Auth (12.9.0):
    - Firebase/CoreOnly
    - FirebaseAuth (~> 12.9.0)
  - Firebase/CoreOnly (12.9.0):
    - FirebaseCore (~> 12.9.0)
  - Firebase/Database (12.9.0):
    - Firebase/CoreOnly
    - FirebaseDatabase (~> 12.9.0)
  - Firebase/Messaging (12.9.0):
    - Firebase/CoreOnly
    - FirebaseMessaging (~> 12.9.0)
  - firebase_auth (6.2.0):
    - Firebase/Auth (~> 12.9.0)
    - Firebase/CoreOnly (~> 12.9.0)
    - firebase_core
    - FlutterMacOS
  - firebase_core (4.5.0):
    - Firebase/CoreOnly (~> 12.9.0)
    - FlutterMacOS
  - firebase_database (12.1.4):
    - Firebase/CoreOnly (~> 12.9.0)
    - Firebase/Database (~> 12.9.0)
    - firebase_core
    - FlutterMacOS
  - firebase_messaging (16.1.2):
    - Firebase/CoreOnly (~> 12.9.0)
    - Firebase/Messaging (~> 12.9.0)
    - firebase_core
    - FlutterMacOS
  - FirebaseAppCheckInterop (12.9.0)
  - FirebaseAuth (12.9.0):
    - FirebaseAppCheckInterop (~> 12.9.0)
    - FirebaseAuthInterop (~> 12.9.0)
    - FirebaseCore (~> 12.9.0)
    - FirebaseCoreExtension (~> 12.9.0)
    - GoogleUtilities/AppDelegateSwizzler (~> 8.1)
    - GoogleUtilities/Environment (~> 8.1)
    - GTMSessionFetcher/Core (< 6.0, >= 3.4)
    - RecaptchaInterop (~> 101.0)
  - FirebaseAuthInterop (12.9.0)
  - FirebaseCore (12.9.0):
    - FirebaseCoreInternal (~> 12.9.0)
    - GoogleUtilities/Environment (~> 8.1)
    - GoogleUtilities/Logger (~> 8.1)
  - FirebaseCoreExtension (12.9.0):
    - FirebaseCore (~> 12.9.0)
  - FirebaseCoreInternal (12.9.0):
    - "GoogleUtilities/NSData+zlib (~> 8.1)"
  - FirebaseDatabase (12.9.0):
    - FirebaseAppCheckInterop (~> 12.9.0)
    - FirebaseCore (~> 12.9.0)
    - FirebaseSharedSwift (~> 12.9.0)
    - GoogleUtilities/UserDefaults (~> 8.1)
    - leveldb-library (~> 1.22)
  - FirebaseInstallations (12.9.0):
    - FirebaseCore (~> 12.9.0)
    - GoogleUtilities/Environment (~> 8.1)
    - GoogleUtilities/UserDefaults (~> 8.1)
    - PromisesObjC (~> 2.4)
  - FirebaseMessaging (12.9.0):
    - FirebaseCore (~> 12.9.0)
    - FirebaseInstallations (~> 12.9.0)
    - GoogleDataTransport (~> 10.1)
    - GoogleUtilities/AppDelegateSwizzler (~> 8.1)
    - GoogleUtilities/Environment (~> 8.1)
    - GoogleUtilities/Reachability (~> 8.1)
    - GoogleUtilities/UserDefaults (~> 8.1)
    - nanopb (~> 3.30910.0)
  - FirebaseSharedSwift (12.9.0)
  - flutter_local_notifications (0.0.1):
    - FlutterMacOS
  - flutter_secure_storage_macos (6.1.3):
    - FlutterMacOS
  - FlutterMacOS (1.0.0)
  - google_sign_in_ios (0.0.1):
    - Flutter
    - FlutterMacOS
    - GoogleSignIn (~> 9.0)
    - GTMSessionFetcher (>= 3.4.0)
  - GoogleDataTransport (10.1.0):
    - nanopb (~> 3.30910.0)
    - PromisesObjC (~> 2.4)
  - GoogleSignIn (9.1.0):
    - AppAuth (~> 2.0)
    - AppCheckCore (~> 11.0)
    - GTMAppAuth (~> 5.0)
    - GTMSessionFetcher/Core (~> 3.3)
  - GoogleUtilities/AppDelegateSwizzler (8.1.0):
    - GoogleUtilities/Environment
    - GoogleUtilities/Logger
    - GoogleUtilities/Network
    - GoogleUtilities/Privacy
  - GoogleUtilities/Environment (8.1.0):
    - GoogleUtilities/Privacy
  - GoogleUtilities/Logger (8.1.0):
    - GoogleUtilities/Environment
    - GoogleUtilities/Privacy
  - GoogleUtilities/Network (8.1.0):
    - GoogleUtilities/Logger
    - "GoogleUtilities/NSData+zlib"
    - GoogleUtilities/Privacy
    - GoogleUtilities/Reachability
  - "GoogleUtilities/NSData+zlib (8.1.0)":
    - GoogleUtilities/Privacy
  - GoogleUtilities/Privacy (8.1.0)
  - GoogleUtilities/Reachability (8.1.0):
    - GoogleUtilities/Logger
    - GoogleUtilities/Privacy
  - GoogleUtilities/UserDefaults (8.1.0):
    - GoogleUtilities/Logger
    - GoogleUtilities/Privacy
  - GTMAppAuth (5.0.0):
    - AppAuth/Core (~> 2.0)
    - GTMSessionFetcher/Core (< 4.0, >= 3.3)
  - GTMSessionFetcher (3.5.0):
    - GTMSessionFetcher/Full (= 3.5.0)
  - GTMSessionFetcher/Core (3.5.0)
  - GTMSessionFetcher/Full (3.5.0):
    - GTMSessionFetcher/Core
  - iris_method_channel (0.0.1):
    - FlutterMacOS
  - just_audio (0.0.1):
    - Flutter
    - FlutterMacOS
  - leveldb-library (1.22.6)
  - nanopb (3.30910.0):
    - nanopb/decode (= 3.30910.0)
    - nanopb/encode (= 3.30910.0)
  - nanopb/decode (3.30910.0)
  - nanopb/encode (3.30910.0)
  - package_info_plus (0.0.1):
    - FlutterMacOS
  - PromisesObjC (2.4.0)
  - share_plus (0.0.1):
    - FlutterMacOS
  - shared_preferences_foundation (0.0.1):
    - Flutter
    - FlutterMacOS
  - sqflite_darwin (0.0.4):
    - Flutter
    - FlutterMacOS
  - url_launcher_macos (0.0.1):
    - FlutterMacOS
  - video_player_avfoundation (0.0.1):
    - Flutter
    - FlutterMacOS
  - wakelock_plus (0.0.1):
    - FlutterMacOS
  - webview_flutter_wkwebview (0.0.1):
    - Flutter
    - FlutterMacOS

DEPENDENCIES:
  - agora_rtc_engine (from `Flutter/ephemeral/.symlinks/plugins/agora_rtc_engine/macos`)
  - app_links (from `Flutter/ephemeral/.symlinks/plugins/app_links/macos`)
  - audio_service (from `Flutter/ephemeral/.symlinks/plugins/audio_service/darwin`)
  - audio_session (from `Flutter/ephemeral/.symlinks/plugins/audio_session/macos`)
  - connectivity_plus (from `Flutter/ephemeral/.symlinks/plugins/connectivity_plus/macos`)
  - device_info_plus (from `Flutter/ephemeral/.symlinks/plugins/device_info_plus/macos`)
  - ffmpeg_kit_flutter_new_min_gpl (from `Flutter/ephemeral/.symlinks/plugins/ffmpeg_kit_flutter_new_min_gpl/macos`)
  - file_picker (from `Flutter/ephemeral/.symlinks/plugins/file_picker/macos`)
  - file_selector_macos (from `Flutter/ephemeral/.symlinks/plugins/file_selector_macos/macos`)
  - firebase_auth (from `Flutter/ephemeral/.symlinks/plugins/firebase_auth/macos`)
  - firebase_core (from `Flutter/ephemeral/.symlinks/plugins/firebase_core/macos`)
  - firebase_database (from `Flutter/ephemeral/.symlinks/plugins/firebase_database/macos`)
  - firebase_messaging (from `Flutter/ephemeral/.symlinks/plugins/firebase_messaging/macos`)
  - flutter_local_notifications (from `Flutter/ephemeral/.symlinks/plugins/flutter_local_notifications/macos`)
  - flutter_secure_storage_macos (from `Flutter/ephemeral/.symlinks/plugins/flutter_secure_storage_macos/macos`)
  - FlutterMacOS (from `Flutter/ephemeral`)
  - google_sign_in_ios (from `Flutter/ephemeral/.symlinks/plugins/google_sign_in_ios/darwin`)
  - iris_method_channel (from `Flutter/ephemeral/.symlinks/plugins/iris_method_channel/macos`)
  - just_audio (from `Flutter/ephemeral/.symlinks/plugins/just_audio/darwin`)
  - package_info_plus (from `Flutter/ephemeral/.symlinks/plugins/package_info_plus/macos`)
  - share_plus (from `Flutter/ephemeral/.symlinks/plugins/share_plus/macos`)
  - shared_preferences_foundation (from `Flutter/ephemeral/.symlinks/plugins/shared_preferences_foundation/darwin`)
  - sqflite_darwin (from `Flutter/ephemeral/.symlinks/plugins/sqflite_darwin/darwin`)
  - url_launcher_macos (from `Flutter/ephemeral/.symlinks/plugins/url_launcher_macos/macos`)
  - video_player_avfoundation (from `Flutter/ephemeral/.symlinks/plugins/video_player_avfoundation/darwin`)
  - wakelock_plus (from `Flutter/ephemeral/.symlinks/plugins/wakelock_plus/macos`)
  - webview_flutter_wkwebview (from `Flutter/ephemeral/.symlinks/plugins/webview_flutter_wkwebview/darwin`)

SPEC REPOS:
  trunk:
    - AgoraInfra_macOS
    - AgoraIrisRTC_macOS
    - AgoraRtcEngine_macOS
    - AppAuth
    - AppCheckCore
    - Firebase
    - FirebaseAppCheckInterop
    - FirebaseAuth
    - FirebaseAuthInterop
    - FirebaseCore
    - FirebaseCoreExtension
    - FirebaseCoreInternal
    - FirebaseDatabase
    - FirebaseInstallations
    - FirebaseMessaging
    - FirebaseSharedSwift
    - GoogleDataTransport
    - GoogleSignIn
    - GoogleUtilities
    - GTMAppAuth
    - GTMSessionFetcher
    - leveldb-library
    - nanopb
    - PromisesObjC

EXTERNAL SOURCES:
  agora_rtc_engine:
    :path: Flutter/ephemeral/.symlinks/plugins/agora_rtc_engine/macos
  app_links:
    :path: Flutter/ephemeral/.symlinks/plugins/app_links/macos
  audio_service:
    :path: Flutter/ephemeral/.symlinks/plugins/audio_service/darwin
  audio_session:
    :path: Flutter/ephemeral/.symlinks/plugins/audio_session/macos
  connectivity_plus:
    :path: Flutter/ephemeral/.symlinks/plugins/connectivity_plus/macos
  device_info_plus:
    :path: Flutter/ephemeral/.symlinks/plugins/device_info_plus/macos
  ffmpeg_kit_flutter_new_min_gpl:
    :path: Flutter/ephemeral/.symlinks/plugins/ffmpeg_kit_flutter_new_min_gpl/macos
  file_picker:
    :path: Flutter/ephemeral/.symlinks/plugins/file_picker/macos
  file_selector_macos:
    :path: Flutter/ephemeral/.symlinks/plugins/file_selector_macos/macos
  firebase_auth:
    :path: Flutter/ephemeral/.symlinks/plugins/firebase_auth/macos
  firebase_core:
    :path: Flutter/ephemeral/.symlinks/plugins/firebase_core/macos
  firebase_database:
    :path: Flutter/ephemeral/.symlinks/plugins/firebase_database/macos
  firebase_messaging:
    :path: Flutter/ephemeral/.symlinks/plugins/firebase_messaging/macos
  flutter_local_notifications:
    :path: Flutter/ephemeral/.symlinks/plugins/flutter_local_notifications/macos
  flutter_secure_storage_macos:
    :path: Flutter/ephemeral/.symlinks/plugins/flutter_secure_storage_macos/macos
  FlutterMacOS:
    :path: Flutter/ephemeral
  google_sign_in_ios:
    :path: Flutter/ephemeral/.symlinks/plugins/google_sign_in_ios/darwin
  iris_method_channel:
    :path: Flutter/ephemeral/.symlinks/plugins/iris_method_channel/macos
  just_audio:
    :path: Flutter/ephemeral/.symlinks/plugins/just_audio/darwin
  package_info_plus:
    :path: Flutter/ephemeral/.symlinks/plugins/package_info_plus/macos
  share_plus:
    :path: Flutter/ephemeral/.symlinks/plugins/share_plus/macos
  shared_preferences_foundation:
    :path: Flutter/ephemeral/.symlinks/plugins/shared_preferences_foundation/darwin
  sqflite_darwin:
    :path: Flutter/ephemeral/.symlinks/plugins/sqflite_darwin/darwin
  url_launcher_macos:
    :path: Flutter/ephemeral/.symlinks/plugins/url_launcher_macos/macos
  video_player_avfoundation:
    :path: Flutter/ephemeral/.symlinks/plugins/video_player_avfoundation/darwin
  wakelock_plus:
    :path: Flutter/ephemeral/.symlinks/plugins/wakelock_plus/macos
  webview_flutter_wkwebview:
    :path: Flutter/ephemeral/.symlinks/plugins/webview_flutter_wkwebview/darwin

SPEC CHECKSUMS:
  agora_rtc_engine: c76a42e7b1b617c4d7b23d84bd6d26c4f53a2bd6
  AgoraInfra_macOS: 9bc9cea2486446c87d3ee3e69325cdb45ecf99c2
  AgoraIrisRTC_macOS: 66c134edf52e1dd9863b00494207345e2140b286
  AgoraRtcEngine_macOS: ca423379ffb023c12a267e9ce6234f90a431f4d2
  app_links: 05a6ec2341985eb05e9f97dc63f5837c39895c3f
  AppAuth: 1c1a8afa7e12f2ec3a294d9882dfa5ab7d3cb063
  AppCheckCore: cc8fd0a3a230ddd401f326489c99990b013f0c4f
  audio_service: aa99a6ba2ae7565996015322b0bb024e1d25c6fd
  audio_session: eaca2512cf2b39212d724f35d11f46180ad3a33e
  connectivity_plus: 4adf20a405e25b42b9c9f87feff8f4b6fde18a4e
  device_info_plus: 4fb280989f669696856f8b129e4a5e3cd6c48f76
  ffmpeg_kit_flutter_new_min_gpl: 3e280d8650c72a719311199086207c6b242a6869
  file_picker: 7584aae6fa07a041af2b36a2655122d42f578c1a
  file_selector_macos: 9e9e068e90ebee155097d00e89ae91edb2374db7
  Firebase: 065f2bb395062046623036d8e6dc857bc2521d56
  firebase_auth: def738277a306ec5676724b44ce49b37edd3bc91
  firebase_core: c74b220e9288decea6bed17399c249734a7e76d2
  firebase_database: 7b8c4fd87baf86a79a9309d4b1a604fab12477cd
  firebase_messaging: dc3943efc6d8f0212d392d9531a6fd86bc48d1ac
  FirebaseAppCheckInterop: 4bade10286cc977e516f75d2d8312cbdfa534789
  FirebaseAuth: 3a39f6436c21ebfd7919b698228b4f89ff94c23b
  FirebaseAuthInterop: f8f6ff72dc24621906497fbe5cf3c42ee815e59c
  FirebaseCore: 428912f751178b06bef0a1793effeb4a5e09a9b8
  FirebaseCoreExtension: e911052d59cd0da237a45d706fc0f81654f035c1
  FirebaseCoreInternal: b321eafae5362113bc182956fafc9922cfc77b72
  FirebaseDatabase: e6a01d759052888cf02c7cc11f6d5d34f3337cb5
  FirebaseInstallations: 7b64ffd006032b2b019a59b803858df5112d9eaa
  FirebaseMessaging: 7d6cdbff969127c4151c824fe432f0e301210f15
  FirebaseSharedSwift: 9d2fa84a46676302b89dbd5e6e62bce2fe376909
  flutter_local_notifications: 7e5a17a1dbc00d83dc10d43c2c4c05f2ceed233c
  flutter_secure_storage_macos: 7f45e30f838cf2659862a4e4e3ee1c347c2b3b54
  FlutterMacOS: d0db08ddef1a9af05a5ec4b724367152bb0500b1
  google_sign_in_ios: 000870aa06da9b28d1d0bf7ef70ff0213059dd28
  GoogleDataTransport: aae35b7ea0c09004c3797d53c8c41f66f219d6a7
  GoogleSignIn: fcee2257188d5eda57a5e2b6a715550ffff9206d
  GoogleUtilities: 00c88b9a86066ef77f0da2fab05f65d7768ed8e1
  GTMAppAuth: 217a876b249c3c585a54fd6f73e6b58c4f5c4238
  GTMSessionFetcher: 5aea5ba6bd522a239e236100971f10cb71b96ab6
  iris_method_channel: 06ef372f01b31866748a3c45da2c89c93b666daa
  just_audio: 4e391f57b79cad2b0674030a00453ca5ce817eed
  leveldb-library: cc8b8f8e013647a295ad3f8cd2ddf49a6f19be19
  nanopb: fad817b59e0457d11a5dfbde799381cd727c1275
  package_info_plus: f0052d280d17aa382b932f399edf32507174e870
  PromisesObjC: f5707f49cb48b9636751c5b2e7d227e43fba9f47
  share_plus: 510bf0af1a42cd602274b4629920c9649c52f4cc
  shared_preferences_foundation: 7036424c3d8ec98dfe75ff1667cb0cd531ec82bb
  sqflite_darwin: 20b2a3a3b70e43edae938624ce550a3cbf66a3d0
  url_launcher_macos: f87a979182d112f911de6820aefddaf56ee9fbfd
  video_player_avfoundation: dd410b52df6d2466a42d28550e33e4146928280a
  wakelock_plus: 917609be14d812ddd9e9528876538b2263aaa03b
  webview_flutter_wkwebview: 8ebf4fded22593026f7dbff1fbff31ea98573c8d

PODFILE CHECKSUM: 54d867c82ac51cbd61b565781b9fada492027009

COCOAPODS: 1.16.2
